
Microsoft Visual Studio Solution File, Format Version 12.00
# Visual Studio 15
VisualStudioVersion = 15.0.27703.2035
MinimumVisualStudioVersion = 10.0.40219.1
Project("{8BC9CEB8-8B4A-11D0-8D11-00A0C91BC942}") = "SDLA", "SDLA\SDLA.vcxproj", "{C80C28DB-DA88-4F39-8335-05AF949BDBC6}"
EndProject
Global
	GlobalSection(SolutionConfigurationPlatforms) = preSolution
		Debug|x64 = Debug|x64
		Debug|x86 = Debug|x86
		Release|x64 = Release|x64
		Release|x86 = Release|x86
	EndGlobalSection
	GlobalSection(ProjectConfigurationPlatforms) = postSolution
		{C80C28DB-DA88-4F39-8335-05AF949BDBC6}.Debug|x64.ActiveCfg = Debug|x64
		{C80C28DB-DA88-4F39-8335-05AF949BDBC6}.Debug|x64.Build.0 = Debug|x64
		{C80C28DB-DA88-4F39-8335-05AF949BDBC6}.Debug|x86.ActiveCfg = Debug|Win32
		{C80C28DB-DA88-4F39-8335-05AF949BDBC6}.Debug|x86.Build.0 = Debug|Win32
		{C80C28DB-DA88-4F39-8335-05AF949BDBC6}.Release|x64.ActiveCfg = Release|x64
		{C80C28DB-DA88-4F39-8335-05AF949BDBC6}.Release|x64.Build.0 = Release|x64
		{C80C28DB-DA88-4F39-8335-05AF949BDBC6}.Release|x86.ActiveCfg = Release|Win32
		{C80C28DB-DA88-4F39-8335-05AF949BDBC6}.Release|x86.Build.0 = Release|Win32
	EndGlobalSection
	GlobalSection(SolutionProperties) = preSolution
		HideSolutionNode = FALSE
	EndGlobalSection
	GlobalSection(ExtensibilityGlobals) = postSolution
		SolutionGuid = {591A6F14-2715-4633-83B8-DD09A7F1F131}
	EndGlobalSection
EndGlobal
